PackratFormat: 1.4
PackratVersion: 0.4.1.1
RVersion: 3.1.1
Repos: CRAN=http://cran.rstudio.com,
    CRANextra=http://www.stats.ox.ac.uk/pub/RWin

Package: assertthat
Source: CRAN
Version: 0.1
Hash: 4b419cfdc33a3019a7f3c6f0cdea6c38

Package: BH
Source: CRAN
Version: 1.54.0-4
Hash: 240790420ebcf7321eed885d421a8335

Package: DBI
Source: CRAN
Version: 0.3.1
Hash: 3a9e85b26ec3ab570266bccb3f9de055

Package: dplyr
Source: CRAN
Version: 0.3.0.2
Hash: 0da1a09895f941f144446a6d57d77095
Requires: assertthat, BH, DBI, lazyeval, magrittr, R6, Rcpp

Package: emplik
Source: CRAN
Version: 0.9-9-6
Hash: ec53ab00a5097b6e93afc81bb2ae0013
Requires: quantreg

Package: glmc
Source: CRAN
Version: 0.2-4
Hash: 640e87a4048c83b06c82e7b253f08699
Requires: emplik

Package: hflights
Source: CRAN
Version: 0.1
Hash: c695268ebb08ef39e7bf4909e667406c

Package: Lahman
Source: CRAN
Version: 3.0-1
Hash: 01ed6aeccc6eda186d88f2bb2cab37e6

Package: lattice
Source: CRAN
Version: 0.20-29
Hash: 17e9fe582d11197544a5ec817a80b21e

Package: lazyeval
Source: CRAN
Version: 0.1.9
Hash: 2953778d951973e2889641c06275ecf3

Package: magrittr
Source: CRAN
Version: 1.0.1
Hash: 576e5bf21e3801499cebc27af6ad1627

Package: packrat
Source: CRAN
Version: 0.4.1-1
Hash: 5716097644904b9c1b4be2692de16005

Package: plyr
Source: CRAN
Version: 1.8.1
Hash: 6a287219196e18bc6261dc11b41b1ca0
Requires: Rcpp

Package: proxy
Source: CRAN
Version: 0.4-13
Hash: feb935e0bf1fed88f30cb793653b5b41

Package: quantreg
Source: CRAN
Version: 5.05
Hash: b747a8a729600804a034209edffd648e
Requires: SparseM

Package: R6
Source: CRAN
Version: 2.0.1
Hash: 9a3ac4e5fd8059af0fc5156bcb019bbc

Package: raster
Source: CRAN
Version: 2.3-12
Hash: b84f479bf59fd3ed66553827b3f8c497
Requires: sp

Package: Rcpp
Source: CRAN
Version: 0.11.3
Hash: d9cc0a13885961b2d004cf73b0fb68dd

Package: reshape2
Source: CRAN
Version: 1.4
Hash: e50809918ebb73dff47de17d36d12975
Requires: plyr, Rcpp, stringr

Package: rgdal
Source: CRAN
Version: 0.9-1
Hash: bcdc532e25febc0f95960a7a9fce4048
Requires: sp

Package: rgeos
Source: CRAN
Version: 0.3-8
Hash: ab575b135d32a389ff23c6d364a5bae0
Requires: sp

Package: rJava
Source: CRAN
Version: 0.9-6
Hash: 5ea21341e7c1d6a40cdde6ef470fec92

Package: RWeka
Source: CRAN
Version: 0.4-23
Hash: 620c63ec825f30b07925377eac7c9246
Requires: rJava, RWekajars

Package: RWekajars
Source: CRAN
Version: 3.7.11-1
Hash: 034b6348d37c8d1d0637107490f30623
Requires: rJava

Package: sp
Source: CRAN
Version: 1.0-15
Hash: ccab055c2835c81a8add23517d8b6219
Requires: lattice

Package: SparseM
Source: CRAN
Version: 1.05
Hash: 5d765178585bca7f089223ce688e7abc

Package: stringr
Source: CRAN
Version: 0.6.2
Hash: cdde0cfa0f52cffeaca23a11a3899779
